
Microsoft Visual Studio Solution File, Format Version 12.00
# Visual Studio Version 16
VisualStudioVersion = 16.0.28531.58
MinimumVisualStudioVersion = 10.0.40219.1
Project("{9A19103F-16F7-4668-BE54-9A1E7A4F7556}") = "HallwayUI", "ElevatorService\HallwayUI.csproj", "{1F4B7E90-D55F-4533-AA2B-D0A8663EDF82}"
EndProject
Project("{2150E333-8FDC-42A3-9474-1A3956D46DE8}") = "Solution Items", "Solution Items", "{AACE57A9-18A0-4307-AFA3-65AC6A2F5A6B}"
EndProject
Project("{9A19103F-16F7-4668-BE54-9A1E7A4F7556}") = "Models", "Models\Models.csproj", "{068D68A8-F4D0-47C8-B798-187F4C850C73}"
EndProject
Project("{9A19103F-16F7-4668-BE54-9A1E7A4F7556}") = "ElevatorController", "ElevatorController\ElevatorController.csproj", "{BA31A0E0-72DE-4125-9077-B7CF7632116A}"
EndProject
Project("{FAE04EC0-301F-11D3-BF4B-00C04F79EFBC}") = "ElevatorUI", "ElevatorUI\ElevatorUI.csproj", "{659D3A62-9130-4929-BD5E-58C6A39615CD}"
EndProject
Project("{FAE04EC0-301F-11D3-BF4B-00C04F79EFBC}") = "ElevatorMotionService", "ElevatorMotionService\ElevatorMotionService.csproj", "{0C133111-FE36-4E6E-84EF-5525FA98E965}"
EndProject
Global
	GlobalSection(SolutionConfigurationPlatforms) = preSolution
		Debug|Any CPU = Debug|Any CPU
		Release|Any CPU = Release|Any CPU
	EndGlobalSection
	GlobalSection(ProjectConfigurationPlatforms) = postSolution
		{1F4B7E90-D55F-4533-AA2B-D0A8663EDF82}.Debug|Any CPU.ActiveCfg = Debug|Any CPU
		{1F4B7E90-D55F-4533-AA2B-D0A8663EDF82}.Debug|Any CPU.Build.0 = Debug|Any CPU
		{1F4B7E90-D55F-4533-AA2B-D0A8663EDF82}.Release|Any CPU.ActiveCfg = Release|Any CPU
		{1F4B7E90-D55F-4533-AA2B-D0A8663EDF82}.Release|Any CPU.Build.0 = Release|Any CPU
		{068D68A8-F4D0-47C8-B798-187F4C850C73}.Debug|Any CPU.ActiveCfg = Debug|Any CPU
		{068D68A8-F4D0-47C8-B798-187F4C850C73}.Debug|Any CPU.Build.0 = Debug|Any CPU
		{068D68A8-F4D0-47C8-B798-187F4C850C73}.Release|Any CPU.ActiveCfg = Release|Any CPU
		{068D68A8-F4D0-47C8-B798-187F4C850C73}.Release|Any CPU.Build.0 = Release|Any CPU
		{BA31A0E0-72DE-4125-9077-B7CF7632116A}.Debug|Any CPU.ActiveCfg = Debug|Any CPU
		{BA31A0E0-72DE-4125-9077-B7CF7632116A}.Debug|Any CPU.Build.0 = Debug|Any CPU
		{BA31A0E0-72DE-4125-9077-B7CF7632116A}.Release|Any CPU.ActiveCfg = Release|Any CPU
		{BA31A0E0-72DE-4125-9077-B7CF7632116A}.Release|Any CPU.Build.0 = Release|Any CPU
		{659D3A62-9130-4929-BD5E-58C6A39615CD}.Debug|Any CPU.ActiveCfg = Debug|Any CPU
		{659D3A62-9130-4929-BD5E-58C6A39615CD}.Debug|Any CPU.Build.0 = Debug|Any CPU
		{659D3A62-9130-4929-BD5E-58C6A39615CD}.Release|Any CPU.ActiveCfg = Release|Any CPU
		{659D3A62-9130-4929-BD5E-58C6A39615CD}.Release|Any CPU.Build.0 = Release|Any CPU
		{0C133111-FE36-4E6E-84EF-5525FA98E965}.Debug|Any CPU.ActiveCfg = Debug|Any CPU
		{0C133111-FE36-4E6E-84EF-5525FA98E965}.Debug|Any CPU.Build.0 = Debug|Any CPU
		{0C133111-FE36-4E6E-84EF-5525FA98E965}.Release|Any CPU.ActiveCfg = Release|Any CPU
		{0C133111-FE36-4E6E-84EF-5525FA98E965}.Release|Any CPU.Build.0 = Release|Any CPU
	EndGlobalSection
	GlobalSection(SolutionProperties) = preSolution
		HideSolutionNode = FALSE
	EndGlobalSection
	GlobalSection(ExtensibilityGlobals) = postSolution
		SolutionGuid = {CFF6BDBD-40DD-4825-814A-9891B4D0004A}
	EndGlobalSection
EndGlobal
